github.com/Azure/go-ansiterm v0.0.0-20170929234023-d6e3b3328b78/go.mod h1:LmzpDX56iTiv29bbRTIsUNlaFfuhWRQBWjQdVyAevI8=
github.com/StackExchange/wmi v0.0.0-20180412205111-cdffdb33acae/go.mod h1:3eOhrUMpNV+6aFIbp5/iudMxNCF27Vw2OZgy4xEx0Fg=
github.com/alexcesaro/log v0.0.0-20150915221235-61e686294e58 h1:MkpmYfld/S8kXqTYI68DfL8/hHXjHogL120Dy00TIxc=
github.com/alexcesaro/log v0.0.0-20150915221235-61e686294e58/go.mod h1:YNfsMyWSs+h+PaYkxGeMVmVCX75Zj/pqdjbu12ciCYE=
github.com/andrew-d/go-termutil v0.0.0-20150726205930-009166a695a2 h1:axBiC50cNZOs7ygH5BgQp4N+aYrZ2DNpWZ1KG3VOSOM=
github.com/andrew-d/go-termutil v0.0.0-20150726205930-009166a695a2/go.mod h1:jnzFpU88PccN/tPPhCpnNU8mZphvKxYM9lLNkd8e+os=
github.com/anmitsu/go-shlex v0.0.0-20161002113705-648efa622239 h1:kFOfPq6dUM1hTo4JG6LR5AXSUEsOjtdm0kw0FtQtMJA=
github.com/anmitsu/go-shlex v0.0.0-20161002113705-648efa622239/go.mod h1:2FmKhYUyUczH0OGQWaF5ceTx0UBShxjsH6f8oGKYe2c=
github.com/apex/log v0.0.0-20180118050619-ff0f66940b82/go.mod h1:yA770aXIDQrhVOIGurT/pVdfCpSq1GQV/auzMN5fzvY=
github.com/armon/go-socks5 v0.0.0-20160902184237-e75332964ef5 h1:0CwZNZbxp69SHPdPJAN/hZIm0C4OItdklCFmMRWYpio=
github.com/armon/go-socks5 v0.0.0-20160902184237-e75332964ef5/go.mod h1:wHh0iHkYZB8zMSxRWpUBQtwG5a7fFgvEO+odwuTv2gs=
github.com/codegangsta/cli v0.0.0-20180226030253-8e01ec4cd3e2/go.mod h1:/qJNoX69yVSKu5o4jLyXAENLRyk1uhi7zkbQ3slBdOA=
github.com/docker/distribution v2.6.2+incompatible h1:4FI6af79dfCS/CYb+RRtkSHw3q1L/bnDjG1PcPZtQhM=
github.com/docker/distribution v2.6.2+incompatible/go.mod h1:J2gT2udsDAN96Uj4KfcMRqY0/ypR+oyYUYmja8H+y+w=
github.com/docker/docker v1.13.1 h1:5VBhsO6ckUxB0A8CE5LlUJdXzik9cbEbBTQ/ggeml7M=
github.com/docker/docker v1.13.1/go.mod h1:eEKB0N0r5NX/I1kEveEz05bcu8tLC/8azJZsviup8Sk=
github.com/docker/go-connections v0.4.0 h1:El9xVISelRB7BuFusrZozjnkIM5YnzCViNKohAFqRJQ=
github.com/docker/go-connections v0.4.0/go.mod h1:Gbd7IOopHjR8Iph03tsViu4nIes5XhDvyHbTtUxmeec=
github.com/docker/go-units v0.3.3 h1:Xk8S3Xj5sLGlG5g67hJmYMmUgXv5N4PhkjJHHqrwnTk=
github.com/docker/go-units v0.3.3/go.mod h1:fgPhTUdO+D/Jk86RDLlptpiXQzgHJF7gydDDbaIK4Dk=
github.com/emirpasic/gods v1.9.0 h1:rUF4PuzEjMChMiNsVjdI+SyLu7rEqpQ5reNFnhC7oFo=
github.com/emirpasic/gods v1.9.0/go.mod h1:YfzfFFoVP/catgzJb4IKIqXjX78Ha8FMSDh3ymbK86o=
github.com/fatedier/beego v0.0.0-20171024143340-6c6a4f5bd5eb h1:wCrNShQidLmvVWn/0PikGmpdP0vtQmnvyRg3ZBEhczw=
github.com/fatedier/beego v0.0.0-20171024143340-6c6a4f5bd5eb/go.mod h1:wx3gB6dbIfBRcucp94PI9Bt3I0F2c/MyNEWuhzpWiwk=
github.com/fatedier/beego v1.7.2 h1:kVw3oKiXccInqG+Z/7l8zyRQXrsCQEfcUxgzfGK+R8g=
github.com/fatedier/beego v1.7.2/go.mod h1:wx3gB6dbIfBRcucp94PI9Bt3I0F2c/MyNEWuhzpWiwk=
github.com/fatedier/frp v0.16.1 h1:HFpkubWAqkXm9Hm4Z9UE4XpIdXs7I55hTur/UKd12oQ=
github.com/fatedier/frp v0.16.1/go.mod h1:NziSLqdyUh1UCZQttyQB5p1TYCuzfqZfUaWRliDC9Fk=
github.com/fatedier/kcp-go v0.0.0-20171023144637-cd167d2f15f4 h1:XuS6coANzf+8ASMn8i9ugOAeUO54l7qMQSmLtFFhj8A=
github.com/fatedier/kcp-go v0.0.0-20171023144637-cd167d2f15f4/go.mod h1:YpCOaxj7vvMThhIQ9AfTOPW2sfztQR5WDfs7AflSy4s=
github.com/flynn/go-shlex v0.0.0-20150515145356-3f9db97f8568/go.mod h1:xEzjJPgXI435gkrCt3MPfRiAkVrwSbHsst4LCFVfpJc=
github.com/gliderlabs/ssh v0.0.0-20171206204625-ce31f3cc47fe h1:IuLJcGqqkNQruT6VeENM3kIzn+5VQD/phSFi1+4VvEE=
github.com/gliderlabs/ssh v0.0.0-20171206204625-ce31f3cc47fe/go.mod h1:U7qILu1NlMHj9FlMhZLlkCdDnU1DBEAqr0aevW3Awn0=
github.com/go-ole/go-ole v0.0.0-20180213002836-a1ec82a652eb/go.mod h1:7FAglXiTm7HKlQRDeOQ6ZNUHidzCWXuZWq/1dTyBNF8=
github.com/golang/snappy v0.0.0-20170215233205-553a64147049 h1:K9KHZbXKpGydfDN0aZrsoHpLJlZsBrGMFWbgLDGnPZk=
github.com/golang/snappy v0.0.0-20170215233205-553a64147049/go.mod h1:/XxbfmMg8lxefKM7IXC3fBNl/7bRcc72aCRzEWrmP2Q=
github.com/gorilla/mux v1.6.2 h1:Pgr17XVTNXAk3q/r4CpKzC5xBM/qW1uVLV+IhRZpIIk=
github.com/gorilla/mux v1.6.2/go.mod h1:1lud6UwP+6orDFRuTfBEV8e9/aOM/c4fVVCaMa2zaAs=
github.com/gorilla/websocket v0.0.0-20170718202341-a69d9f6de432 h1:vtP1PA6IcEyr6fLKRODvfrmEakMZD0o4GTMdb30MoYQ=
github.com/gorilla/websocket v0.0.0-20170718202341-a69d9f6de432/go.mod h1:E7qHFY5m1UJ88s3WnNqhKjPHQ0heANvMoAMk2YaljkQ=
github.com/gostones/ssh-chat v0.0.0-20180410191316-1e384603952e h1:ASn4etcfU/AecbpTairqGdtMq0uhyo9JZ9pUWD1a/Do=
github.com/gostones/ssh-chat v0.0.0-20180410191316-1e384603952e/go.mod h1:zs48Vo9wEutMy3ZqgKcWDwaJpf82y+ted4zl0ZFv4FM=
github.com/gostones/ssh-chat v0.0.0-20180924173207-dab3959e1c91 h1:QeoK3e3HPxgh0AkHHozKxwuGcdO3Modr34ICPfPChfc=
github.com/gostones/ssh-chat v0.0.0-20180924173207-dab3959e1c91/go.mod h1:OTA9LTkGGdW7BoNhvXUI1QATpCABjMMW+pUg0KuKifs=
github.com/gostones/ssh-chat v0.0.0-20180924191110-9a24e16b1381 h1:FWw5HVpxlmJDRWSV9ZzxJIOs+appoxCBpbi1y2utCg0=
github.com/gostones/ssh-chat v0.0.0-20180924191110-9a24e16b1381/go.mod h1:OTA9LTkGGdW7BoNhvXUI1QATpCABjMMW+pUg0KuKifs=
github.com/gostones/ssh-chat v0.0.0-20180925003329-f75391522e61 h1:sVgMeEIL2kot+fWVJWBeEsvR4IopLSjgvxaMyPTOo5A=
github.com/gostones/ssh-chat v0.0.0-20180925003329-f75391522e61/go.mod h1:OTA9LTkGGdW7BoNhvXUI1QATpCABjMMW+pUg0KuKifs=
github.com/gostones/ssh-chat v0.0.0-20180925005728-4df4fc1b4f5f h1:BI6tpbeOGZxaMVMlG60gPSF6udeo85l/FeBMy54XPRc=
github.com/gostones/ssh-chat v0.0.0-20180925005728-4df4fc1b4f5f/go.mod h1:OTA9LTkGGdW7BoNhvXUI1QATpCABjMMW+pUg0KuKifs=
github.com/gostones/ssh-chat v0.0.0-20180925230513-7257f9e22eb9 h1:uZ3Mkku5ctZnlJ9ciaViOJ/yFHR0ED+/t28FuCaz2J4=
github.com/gostones/ssh-chat v0.0.0-20180925230513-7257f9e22eb9/go.mod h1:OTA9LTkGGdW7BoNhvXUI1QATpCABjMMW+pUg0KuKifs=
github.com/gostones/ssh-chat v0.0.0-20180926194309-dee65720ce14 h1:F25H9W+lv7kFNifFQ/8zLhtDdrgHH7gdiuezix5cDJk=
github.com/gostones/ssh-chat v0.0.0-20180926194309-dee65720ce14/go.mod h1:OTA9LTkGGdW7BoNhvXUI1QATpCABjMMW+pUg0KuKifs=
github.com/gostones/ssh-chat v0.0.0-20180926225733-0123149817ad h1:Zu741tLsIyyZPumZTHUoKOxkcKUxr9xCIGlQET+ueTQ=
github.com/gostones/ssh-chat v0.0.0-20180926225733-0123149817ad/go.mod h1:OTA9LTkGGdW7BoNhvXUI1QATpCABjMMW+pUg0KuKifs=
github.com/howeyc/gopass v0.0.0-20170109162249-bf9dde6d0d2c h1:kQWxfPIHVLbgLzphqk3QUflDy9QdksZR4ygR807bpy0=
github.com/howeyc/gopass v0.0.0-20170109162249-bf9dde6d0d2c/go.mod h1:lADxMC39cJJqL93Duh1xhAs4I2Zs8mKS89XWXFGp9cs=
github.com/jbenet/go-context v0.0.0-20150711004518-d14ea06fba99 h1:BQSFePA1RWJOlocH6Fxy8MmwDt+yVQYULKfN0RoTN8A=
github.com/jbenet/go-context v0.0.0-20150711004518-d14ea06fba99/go.mod h1:1lJo3i6rXxKeerYnT8Nvf0QmHCRC1n8sfWVwXF2Frvo=
github.com/jessevdk/go-flags v0.0.0-20180331124232-1c38ed7ad0cc h1:0L2sGkaj6MWuV1BfXsrLJ/+XA8RzKKVsYlLVXNkK1Lw=
github.com/jessevdk/go-flags v0.0.0-20180331124232-1c38ed7ad0cc/go.mod h1:4FA24M0QyGHXBuZZK/XkWh8h0e1EYbRYJSGM75WSRxI=
github.com/jessevdk/go-flags v1.3.0 h1:QmKsgik/Z5fJ11ZtlcA8F+XW9dNybBNFQ1rngF3MmdU=
github.com/jessevdk/go-flags v1.3.0/go.mod h1:4FA24M0QyGHXBuZZK/XkWh8h0e1EYbRYJSGM75WSRxI=
github.com/jpillora/ansi v0.0.0-20170202005112-f496b27cd669 h1:l5rH/CnVVu+HPxjtxjM90nHrm4nov3j3RF9/62UjgLs=
github.com/jpillora/ansi v0.0.0-20170202005112-f496b27cd669/go.mod h1:kOeLNvjNBGSV3uYtFjvb72+fnZCMFJF1XDvRIjdom0g=
github.com/jpillora/backoff v0.0.0-20170222002228-06c7a16c845d h1:ETeT81zgLgSNc4BWdDO2Fg9ekVItYErbNtE8mKD2pJA=
github.com/jpillora/backoff v0.0.0-20170222002228-06c7a16c845d/go.mod h1:2iMrUgbbvHEiQClaW2NsSzMyGHqN+rDFqY705q49KG0=
github.com/jpillora/chisel v0.0.0-20171123140225-12fec693f1ca h1:cRGWNuIG5CnvWTfV8AEHrbaPVNrl4Bld8jkd08ZTJms=
github.com/jpillora/chisel v0.0.0-20171123140225-12fec693f1ca/go.mod h1:aRsycmIyMtKzN6Z5yuqMP4OdNsZaa3axuxwR1CqeJTU=
github.com/jpillora/requestlog v0.0.0-20160929164104-86703d0d0f95 h1:XaKfnwVP8IbsxA9IUpTtGLiYytkBbgBn/LwyWv5Vsgg=
github.com/jpillora/requestlog v0.0.0-20160929164104-86703d0d0f95/go.mod h1:w8buj+yNfmLEP0ENlbG/FRnK6bVmuhqXnukYCs9sDvY=
github.com/jpillora/sizestr v0.0.0-20160130011556-e2ea2fa42fb9 h1:0c9jcgBtHRtDU//jTrcCgWG6UHjMZytiq/3WhraNgUM=
github.com/jpillora/sizestr v0.0.0-20160130011556-e2ea2fa42fb9/go.mod h1:1ffp+CRe0eAwwRb0/BownUAjMBsmTLwgAvRbfj9dRwE=
github.com/julienschmidt/httprouter v0.0.0-20180222160526-d18983907793 h1:lh5R7m4BWQIMsQ3gtOxSAUwR1XfovsyXfMQuIYrAI4c=
github.com/julienschmidt/httprouter v0.0.0-20180222160526-d18983907793/go.mod h1:SYymIcj16QtmaHHD7aYtjjsJG7VTCxuUUipMqKk8s4w=
github.com/kevinburke/ssh_config v0.0.0-20180317175531-9fc7bb800b55 h1:S38dC4mEwxdw/U41+97VWdbun8mTcTjwg5Ujfg8QPME=
github.com/kevinburke/ssh_config v0.0.0-20180317175531-9fc7bb800b55/go.mod h1:CT57kijsi8u/K/BOFA39wgDQJ9CxiF4nAY/ojJ6r6mM=
github.com/klauspost/cpuid v0.0.0-20180405133222-e7e905edc00e h1:+lIPJOWl+jSiJOc70QXJ07+2eg2Jy2EC7Mi11BWujeM=
github.com/klauspost/cpuid v0.0.0-20180405133222-e7e905edc00e/go.mod h1:Pj4uuM528wm8OyEC2QMXAi2YiTZ96dNQPGgoMS4s3ek=
github.com/klauspost/reedsolomon v0.0.0-20171219133437-0b30fa71cc8e h1:X/9iXpaSd4EyjrlKtRQhcr/y7e+5rqZueExcIEbhGME=
github.com/klauspost/reedsolomon v0.0.0-20171219133437-0b30fa71cc8e/go.mod h1:CwCi+NUr9pqSVktrkN+Ondf06rkhYZ/pcNv7fu+8Un4=
github.com/koding/websocketproxy v0.0.0-20180207100743-14d189e9f3df h1:BLtX7u9eEegfVvRPmMwq+kEtty6FdtjvcWxHzr0VVmg=
github.com/koding/websocketproxy v0.0.0-20180207100743-14d189e9f3df/go.mod h1:Nn5wlyECw3iJrzi0AhIWg+AJUb4PlRQVW4/3XHH1LZA=
github.com/kr/pty v1.1.1 h1:VkoXIwSboBpnk99O/KFauAEILuNHv5DVFKZMBN/gUgw=
github.com/kr/pty v1.1.1/go.mod h1:pFQYn66WHrOpPYNljwOMqo10TkYh1fy3cYio2l3bCsQ=
github.com/mitchellh/go-homedir v0.0.0-20161203194507-b8bc1bf76747 h1:eQox4Rh4ewJF+mqYPxCkmBAirRnPaHEB26UkNuPyjlk=
github.com/mitchellh/go-homedir v0.0.0-20161203194507-b8bc1bf76747/go.mod h1:SfyaCUpYCn1Vlf4IUYiD9fPX4A5wJrkLzIz1N1q0pr0=
github.com/moul/http2curl v0.0.0-20170919181001-9ac6cf4d929b/go.mod h1:8UbvGypXm98wA/IqH45anm5Y2Z6ep6O31QGOAZ3H0fQ=
github.com/moul/ssh2docker v0.0.0-20180409141615-20a519d5ccd7/go.mod h1:UQ+3E9aaUGvc32/OAihJSu3ZWziN7LrEvCIpQnR6XL4=
github.com/parnurzeal/gorequest v0.0.0-20171015110455-8e3aed27fe49/go.mod h1:3Kh2QUMJoqw3icWAecsyzkpY7UzRfDhbRdTjtNwNiUE=
github.com/pelletier/go-buffruneio v0.2.0 h1:U4t4R6YkofJ5xHm3dJzuRpPZ0mr5MMCoAWooScCR7aA=
github.com/pelletier/go-buffruneio v0.2.0/go.mod h1:JkE26KsDizTr40EUHkXVtNPvgGtbSNq5BcowyYOWdKo=
github.com/pkg/errors v0.0.0-20180311214515-816c9085562c h1:F5RoIh7F9wB47PvXvpP1+Ihq1TkyC8iRdvwfKkESEZQ=
github.com/pkg/errors v0.0.0-20180311214515-816c9085562c/go.mod h1:bwawxfHBFNV+L2hUp1rHADufV3IMtnDRdf1r5NINEl0=
github.com/rakyll/statik v0.0.0-20180330204314-fcdcb7b85139 h1:8owEqJayVxrfiBTllEcxPNLn9UzjX9NAX+9tTtflE94=
github.com/rakyll/statik v0.0.0-20180330204314-fcdcb7b85139/go.mod h1:OEi9wJV/fMUAGx1eNjq75DKDsJVuEv1U0oYdX6GX8Zs=
github.com/rakyll/statik v0.1.5 h1:Ly2UjURzxnsSYS0zI50fZ+srA+Fu7EbpV5hglvJvJG0=
github.com/rakyll/statik v0.1.5/go.mod h1:OEi9wJV/fMUAGx1eNjq75DKDsJVuEv1U0oYdX6GX8Zs=
github.com/sergi/go-diff v1.0.0 h1:Kpca3qRNrduNnOQeazBd0ysaKrUJiIuISHxogkT9RPQ=
github.com/sergi/go-diff v1.0.0/go.mod h1:0CfEIISq7TuYL3j771MWULgwwjU+GofnZX9QAmXWZgo=
github.com/shazow/rateio v0.0.0-20150116013248-e8e00881e5c1 h1:Lx3BlDGFElJt4u/zKc9A3BuGYbQAGlEFyPuUA3jeMD0=
github.com/shazow/rateio v0.0.0-20150116013248-e8e00881e5c1/go.mod h1:vt2jWY/3Qw1bIzle5thrJWucsLuuX9iUNnp20CqCciI=
github.com/shirou/gopsutil v0.0.0-20180406082613-cd915bdc3158 h1:lSfKvCz6356yblpd1SGSn4yW149cNnhLPpQBepaKFfg=
github.com/shirou/gopsutil v0.0.0-20180406082613-cd915bdc3158/go.mod h1:5b4v6he4MtMOwMlS0TUMTu2PcXUg8+E1lC7eC3UO/RA=
github.com/shirou/w32 v0.0.0-20160930032740-bb4de0191aa4/go.mod h1:qsXQc7+bwAM3Q1u/4XEfrquwF8Lw7D7y5cD8CuHnfIc=
github.com/src-d/gcfg v1.3.0 h1:2BEDr8r0I0b8h/fOqwtxCEiq2HJu8n2JGZJQFGXWLjg=
github.com/src-d/gcfg v1.3.0/go.mod h1:p/UMsR43ujA89BJY9duynAwIpvqEujIH/jFlfL7jWoI=
github.com/templexxx/cpufeat v0.0.0-20170927014610-3794dfbfb047 h1:K+jtWCOuZgCra7eXZ/VWn2FbJmrA/D058mTXhh2rq+8=
github.com/templexxx/cpufeat v0.0.0-20170927014610-3794dfbfb047/go.mod h1:wM7WEvslTq+iOEAMDLSzhVuOt5BRZ05WirO+b09GHQU=
github.com/templexxx/reedsolomon v0.0.0-20170927015403-7092926d7d05 h1:XBQHunCjhIJuZ3IVhJA1BrnO6lqFGrPifDPXS5Ep6Ts=
github.com/templexxx/reedsolomon v0.0.0-20170927015403-7092926d7d05/go.mod h1:ToWcj2sZ6xHl14JjZiVDktYpFtrFZJXBlsu7TV23lNg=
github.com/templexxx/xor v0.0.0-20170926022130-0af8e873c554 h1:pexgSe+JCFuxG+uoMZLO+ce8KHtdHGhst4cs6rw3gmk=
github.com/templexxx/xor v0.0.0-20170926022130-0af8e873c554/go.mod h1:5XA7W9S6mni3h5uvOC75dA3m9CCCaS83lltmc0ukdi4=
github.com/tjfoc/gmsm v0.0.0-20180404022540-0effa9db1ba8 h1:4TKyZMMzeC35m5MBzr1ugzaSYcziTv/79c1a2BPE0ek=
github.com/tjfoc/gmsm v0.0.0-20180404022540-0effa9db1ba8/go.mod h1:XxO4hdhhrzAd+G4CjDqaOkd0hUzmtPR/d3EiBBMn/wc=
github.com/tjfoc/gmsm v1.0.1 h1:R11HlqhXkDospckjZEihx9SW/2VW0RgdwrykyWMFOQU=
github.com/tjfoc/gmsm v1.0.1/go.mod h1:XxO4hdhhrzAd+G4CjDqaOkd0hUzmtPR/d3EiBBMn/wc=
github.com/vaughan0/go-ini v0.0.0-20130923145212-a98ad7ee00ec h1:DGmKwyZwEB8dI7tbLt/I/gQuP559o/0FrAkHKlQM/Ks=
github.com/vaughan0/go-ini v0.0.0-20130923145212-a98ad7ee00ec/go.mod h1:owBmyHYMLkxyrugmfwE/DLJyW8Ro9mkphwuVErQ0iUw=
github.com/xanzy/ssh-agent v0.1.0 h1:lOhdXLxtmYjaHc76ZtNmJWPg948y/RnT+3N3cvKWFzY=
github.com/xanzy/ssh-agent v0.1.0/go.mod h1:0NyE30eGUDliuLEHJgYte/zncp2zdTStcOnWhgSqHD8=
github.com/xtaci/kcp-go v0.0.0-20180203133237-42bc1dfefff5 h1:9hz2j39pbj6YzKUiGPE+65NzKDRrBPdhv1gZGYojNmQ=
github.com/xtaci/kcp-go v0.0.0-20180203133237-42bc1dfefff5/go.mod h1:bN6vIwHQbfHaHtFpEssmWsN45a+AZwO7eyRCmEIbtvE=
github.com/xtaci/smux v1.0.7 h1:ragFTIwevybZKibSfltLxG2biJ4Y9eFQGhcBntoEhz4=
github.com/xtaci/smux v1.0.7/go.mod h1:f+nYm6SpuHMy/SH0zpbvAFHT1QoMcgLOsWcFip5KfPw=
golang.org/x/crypto v0.0.0-20170825220121-81e90905daef h1:R8ubLIilYRXIXpgjOg2l/ECVs3HzVKIjJEhxSsQ91u4=
golang.org/x/crypto v0.0.0-20170825220121-81e90905daef/go.mod h1:6SG95UA2DQfeDnfUPMdvaQW0Q7yPrPDi9nlGo2tz2b4=
golang.org/x/crypto v0.0.0-20180411161317-d6449816ce06 h1:EOqG0JqGlLr+punVB69jvWCv/ErZKGlC7PMdyHfv+Bc=
golang.org/x/crypto v0.0.0-20180411161317-d6449816ce06/go.mod h1:6SG95UA2DQfeDnfUPMdvaQW0Q7yPrPDi9nlGo2tz2b4=
golang.org/x/net v0.0.0-20170828231752-66aacef3dd8a h1:DZGc/od29xzgmdBTGZL3zqLaoHS0O+qdIEYJNkOxDKM=
golang.org/x/net v0.0.0-20170828231752-66aacef3dd8a/go.mod h1:mL1N/T3taQHkDXs73rZJwtUhF3w3ftmwwsq0BUmARs4=
golang.org/x/net v0.0.0-20180921000356-2f5d2388922f h1:QM2QVxvDoW9PFSPp/zy9FgxJLfaWTZlS61KEPtBwacM=
golang.org/x/net v0.0.0-20180925072008-f04abc6bdfa7 h1:zKzVgSQ8WOSHzD7I4k8LQjrHUUCNOlBsgc0PcYLVNnY=
golang.org/x/net v0.0.0-20180925072008-f04abc6bdfa7/go.mod h1:mL1N/T3taQHkDXs73rZJwtUhF3w3ftmwwsq0BUmARs4=
golang.org/x/sys v0.0.0-20180104162908-a3f2cbd54cf5 h1:6Od77Y9QsEwa/MFtLV5Oyv3/z8z7CSga7Qzdkg8VUKE=
golang.org/x/sys v0.0.0-20180104162908-a3f2cbd54cf5/go.mod h1:STP8DvDyc/dI5b8T5hshtkjS+E42TnysNCUPdjciGhY=
golang.org/x/sys v0.0.0-20180117170059-2c42eef0765b h1:mxo/dXmtEd5rXc/ZzMKg0qDhMT+51+LvV65S9dP6nh4=
golang.org/x/sys v0.0.0-20180117170059-2c42eef0765b/go.mod h1:STP8DvDyc/dI5b8T5hshtkjS+E42TnysNCUPdjciGhY=
golang.org/x/text v0.3.0 h1:g61tztE5qeGQ89tm6NTjjM9VPIm088od1l6aSorWRWg=
golang.org/x/text v0.3.0/go.mod h1:NqM8EUOU14njkJ3fqMW+pc6Ldnwhi/IjpwHt7yyuwOQ=
gopkg.in/src-d/go-billy.v4 v4.1.1 h1:iyOkxrEWe1yDTeoPmEHPyJSbMAWrJyQiZBlDYuJ4+sc=
gopkg.in/src-d/go-billy.v4 v4.1.1/go.mod h1:ZHSF0JP+7oD97194otDUCD7Ofbk63+xFcfWP5bT6h+Q=
gopkg.in/src-d/go-git.v4 v4.3.0 h1:oJtNUI+Ec0aD+bRhCAm2oq76GDpuChCHDTmssd1S6xI=
gopkg.in/src-d/go-git.v4 v4.3.0/go.mod h1:CzbUWqMn4pvmvndg3gnh5iZFmSsbhyhUWdI0IQ60AQo=
gopkg.in/warnings.v0 v0.1.2 h1:wFXVbFY8DY5/xOe1ECiWdKCzZlxgshcYVNkBHstARME=
gopkg.in/warnings.v0 v0.1.2/go.mod h1:jksf8JmL6Qr/oQM2OXTHunEvvTAsrWBLb6OOjuVWRNI=
